{
  "lockfile-version": 1,
  "manifest": {
    "version": 1,
    "install": {
      "nodejs": {
        "pkg-path": "nodejs"
      }
    },
    "hook": {
      "on-activate": "  # Autogenerated by Flox\n\n  # Install nodejs dependencies\n  npm install\n\n  # End autogenerated by Flox\n"
    },
    "profile": {},
    "options": {}
  },
  "packages": [
    {
      "attr_path": "nodejs",
      "broken": false,
      "derivation": "/nix/store/x9g1nm5wwc7bycyw0q9k8fl03brz5yar-nodejs-22.21.1.drv",
      "description": "Event-driven I/O framework for the V8 JavaScript engine",
      "install_id": "nodejs",
      "license": "MIT",
      "locked_url": "https://github.com/flox/nixpkgs?rev=418468ac9527e799809c900eda37cbff999199b6",
      "name": "nodejs-22.21.1",
      "pname": "nodejs",
      "rev": "418468ac9527e799809c900eda37cbff999199b6",
      "rev_count": 905402,
      "rev_date": "2025-12-02T09:27:49Z",
      "scrape_date": "2025-12-04T02:54:03.526875Z",
      "stabilities": [
        "staging",
        "unstable"
      ],
      "unfree": false,
      "version": "22.21.1",
      "outputs_to_install": [
        "out"
      ],
      "outputs": {
        "dev": "/nix/store/bkir3agnj2cvpx80a0z1lj50pg2dhddi-nodejs-22.21.1-dev",
        "libv8": "/nix/store/ivbmw7d10pxzkrz5397bimhqwwlrc8gp-nodejs-22.21.1-libv8",
        "out": "/nix/store/92igwjsd6av0pg8dvygirhdwahwq2sh7-nodejs-22.21.1"
      },
      "system": "aarch64-darwin",
      "group": "toplevel",
      "priority": 5
    },
    {
      "attr_path": "nodejs",
      "broken": false,
      "derivation": "/nix/store/07m9qkb2rvy59x90w3hi9nykdxf409x8-nodejs-22.21.1.drv",
      "description": "Event-driven I/O framework for the V8 JavaScript engine",
      "install_id": "nodejs",
      "license": "MIT",
      "locked_url": "https://github.com/flox/nixpkgs?rev=418468ac9527e799809c900eda37cbff999199b6",
      "name": "nodejs-22.21.1",
      "pname": "nodejs",
      "rev": "418468ac9527e799809c900eda37cbff999199b6",
      "rev_count": 905402,
      "rev_date": "2025-12-02T09:27:49Z",
      "scrape_date": "2025-12-04T03:02:56.905992Z",
      "stabilities": [
        "staging",
        "unstable"
      ],
      "unfree": false,
      "version": "22.21.1",
      "outputs_to_install": [
        "out"
      ],
      "outputs": {
        "dev": "/nix/store/1akvaqvrp0cf6pd7mkqy7m3gnzc3wfd7-nodejs-22.21.1-dev",
        "libv8": "/nix/store/ykj9hi9qv7gwxnbg2vh6ca00w9zsbhm0-nodejs-22.21.1-libv8",
        "out": "/nix/store/hps7k16bd9isj7pfsjzg7q0wgvrw47kn-nodejs-22.21.1"
      },
      "system": "aarch64-linux",
      "group": "toplevel",
      "priority": 5
    },
    {
      "attr_path": "nodejs",
      "broken": false,
      "derivation": "/nix/store/j1fpqmshmrxx52k2xqqrv5c718y6sjih-nodejs-22.21.1.drv",
      "description": "Event-driven I/O framework for the V8 JavaScript engine",
      "install_id": "nodejs",
      "license": "MIT",
      "locked_url": "https://github.com/flox/nixpkgs?rev=418468ac9527e799809c900eda37cbff999199b6",
      "name": "nodejs-22.21.1",
      "pname": "nodejs",
      "rev": "418468ac9527e799809c900eda37cbff999199b6",
      "rev_count": 905402,
      "rev_date": "2025-12-02T09:27:49Z",
      "scrape_date": "2025-12-04T03:12:05.318757Z",
      "stabilities": [
        "staging",
        "unstable"
      ],
      "unfree": false,
      "version": "22.21.1",
      "outputs_to_install": [
        "out"
      ],
      "outputs": {
        "dev": "/nix/store/haa4773lz7wfhnql05181azh4z5141r7-nodejs-22.21.1-dev",
        "libv8": "/nix/store/0pswqdxlx8y0v54gq0ixwps19agv6bds-nodejs-22.21.1-libv8",
        "out": "/nix/store/wfjyiwara336j7r1v0ia3kib8779wzwf-nodejs-22.21.1"
      },
      "system": "x86_64-darwin",
      "group": "toplevel",
      "priority": 5
    },
    {
      "attr_path": "nodejs",
      "broken": false,
      "derivation": "/nix/store/wjimqspfnxjp5y11703a1rz75cbvj4ph-nodejs-22.21.1.drv",
      "description": "Event-driven I/O framework for the V8 JavaScript engine",
      "install_id": "nodejs",
      "license": "MIT",
      "locked_url": "https://github.com/flox/nixpkgs?rev=418468ac9527e799809c900eda37cbff999199b6",
      "name": "nodejs-22.21.1",
      "pname": "nodejs",
      "rev": "418468ac9527e799809c900eda37cbff999199b6",
      "rev_count": 905402,
      "rev_date": "2025-12-02T09:27:49Z",
      "scrape_date": "2025-12-04T03:20:46.023683Z",
      "stabilities": [
        "staging",
        "unstable"
      ],
      "unfree": false,
      "version": "22.21.1",
      "outputs_to_install": [
        "out"
      ],
      "outputs": {
        "dev": "/nix/store/l1idqv7ff0m2kbcqnn1yr415wyga1wxf-nodejs-22.21.1-dev",
        "libv8": "/nix/store/farc7vk89kr367hsx0qchmahf6i6sbk1-nodejs-22.21.1-libv8",
        "out": "/nix/store/l85fis49agvp5q1ild1rfh4rrgmn92sr-nodejs-22.21.1"
      },
      "system": "x86_64-linux",
      "group": "toplevel",
      "priority": 5
    }
  ]
}
