{
  "lockfile-version": 1,
  "manifest": {
    "version": 1,
    "install": {
      "git-lfs": {
        "pkg-path": "git-lfs"
      },
      "nodejs": {
        "pkg-path": "nodejs"
      }
    },
    "hook": {
      "on-activate": "  # Autogenerated by Flox\n\n  # Install nodejs dependencies\n  npm install\n\n  # End autogenerated by Flox\n"
    },
    "profile": {},
    "options": {}
  },
  "packages": [
    {
      "attr_path": "git-lfs",
      "broken": false,
      "derivation": "/nix/store/jxrl5bh53090n6fjkvgqk85wvjp2vc59-git-lfs-3.7.1.drv",
      "description": "Git extension for versioning large files",
      "install_id": "git-lfs",
      "license": "MIT",
      "locked_url": "https://github.com/flox/nixpkgs?rev=addf7cf5f383a3101ecfba091b98d0a1263dc9b8",
      "name": "git-lfs-3.7.1",
      "pname": "git-lfs",
      "rev": "addf7cf5f383a3101ecfba091b98d0a1263dc9b8",
      "rev_count": 908783,
      "rev_date": "2025-12-08T09:27:56Z",
      "scrape_date": "2025-12-10T02:54:44.774372Z",
      "stabilities": [
        "staging",
        "unstable"
      ],
      "unfree": false,
      "version": "3.7.1",
      "outputs_to_install": [
        "out"
      ],
      "outputs": {
        "out": "/nix/store/1z3jjazgw53y69kxj04miwf82h1wv8lv-git-lfs-3.7.1"
      },
      "system": "aarch64-darwin",
      "group": "toplevel",
      "priority": 5
    },
    {
      "attr_path": "git-lfs",
      "broken": false,
      "derivation": "/nix/store/ki2kfsjhhq35p32d1vybs224wqq2n84z-git-lfs-3.7.1.drv",
      "description": "Git extension for versioning large files",
      "install_id": "git-lfs",
      "license": "MIT",
      "locked_url": "https://github.com/flox/nixpkgs?rev=addf7cf5f383a3101ecfba091b98d0a1263dc9b8",
      "name": "git-lfs-3.7.1",
      "pname": "git-lfs",
      "rev": "addf7cf5f383a3101ecfba091b98d0a1263dc9b8",
      "rev_count": 908783,
      "rev_date": "2025-12-08T09:27:56Z",
      "scrape_date": "2025-12-10T03:03:55.655748Z",
      "stabilities": [
        "staging",
        "unstable"
      ],
      "unfree": false,
      "version": "3.7.1",
      "outputs_to_install": [
        "out"
      ],
      "outputs": {
        "out": "/nix/store/iwc65w2zcc62gz06n8bqdf84ydxm9nn0-git-lfs-3.7.1"
      },
      "system": "aarch64-linux",
      "group": "toplevel",
      "priority": 5
    },
    {
      "attr_path": "git-lfs",
      "broken": false,
      "derivation": "/nix/store/0jxmz67k2fr7kaym67wc1sb8s6bgk59a-git-lfs-3.7.1.drv",
      "description": "Git extension for versioning large files",
      "install_id": "git-lfs",
      "license": "MIT",
      "locked_url": "https://github.com/flox/nixpkgs?rev=addf7cf5f383a3101ecfba091b98d0a1263dc9b8",
      "name": "git-lfs-3.7.1",
      "pname": "git-lfs",
      "rev": "addf7cf5f383a3101ecfba091b98d0a1263dc9b8",
      "rev_count": 908783,
      "rev_date": "2025-12-08T09:27:56Z",
      "scrape_date": "2025-12-10T03:13:58.638699Z",
      "stabilities": [
        "staging",
        "unstable"
      ],
      "unfree": false,
      "version": "3.7.1",
      "outputs_to_install": [
        "out"
      ],
      "outputs": {
        "out": "/nix/store/7sx8df8xs475432ksb700gl51wasavnn-git-lfs-3.7.1"
      },
      "system": "x86_64-darwin",
      "group": "toplevel",
      "priority": 5
    },
    {
      "attr_path": "git-lfs",
      "broken": false,
      "derivation": "/nix/store/f8lr5vlss52bjk2rbsddd9jgbpcknf1q-git-lfs-3.7.1.drv",
      "description": "Git extension for versioning large files",
      "install_id": "git-lfs",
      "license": "MIT",
      "locked_url": "https://github.com/flox/nixpkgs?rev=addf7cf5f383a3101ecfba091b98d0a1263dc9b8",
      "name": "git-lfs-3.7.1",
      "pname": "git-lfs",
      "rev": "addf7cf5f383a3101ecfba091b98d0a1263dc9b8",
      "rev_count": 908783,
      "rev_date": "2025-12-08T09:27:56Z",
      "scrape_date": "2025-12-10T03:23:19.077807Z",
      "stabilities": [
        "staging",
        "unstable"
      ],
      "unfree": false,
      "version": "3.7.1",
      "outputs_to_install": [
        "out"
      ],
      "outputs": {
        "out": "/nix/store/pbpaldw534z1bwrxns5ah98adpwwk9ck-git-lfs-3.7.1"
      },
      "system": "x86_64-linux",
      "group": "toplevel",
      "priority": 5
    },
    {
      "attr_path": "nodejs",
      "broken": false,
      "derivation": "/nix/store/x9g1nm5wwc7bycyw0q9k8fl03brz5yar-nodejs-22.21.1.drv",
      "description": "Event-driven I/O framework for the V8 JavaScript engine",
      "install_id": "nodejs",
      "license": "MIT",
      "locked_url": "https://github.com/flox/nixpkgs?rev=addf7cf5f383a3101ecfba091b98d0a1263dc9b8",
      "name": "nodejs-22.21.1",
      "pname": "nodejs",
      "rev": "addf7cf5f383a3101ecfba091b98d0a1263dc9b8",
      "rev_count": 908783,
      "rev_date": "2025-12-08T09:27:56Z",
      "scrape_date": "2025-12-10T02:55:05.864189Z",
      "stabilities": [
        "staging",
        "unstable"
      ],
      "unfree": false,
      "version": "22.21.1",
      "outputs_to_install": [
        "out"
      ],
      "outputs": {
        "dev": "/nix/store/bkir3agnj2cvpx80a0z1lj50pg2dhddi-nodejs-22.21.1-dev",
        "libv8": "/nix/store/ivbmw7d10pxzkrz5397bimhqwwlrc8gp-nodejs-22.21.1-libv8",
        "out": "/nix/store/92igwjsd6av0pg8dvygirhdwahwq2sh7-nodejs-22.21.1"
      },
      "system": "aarch64-darwin",
      "group": "toplevel",
      "priority": 5
    },
    {
      "attr_path": "nodejs",
      "broken": false,
      "derivation": "/nix/store/07m9qkb2rvy59x90w3hi9nykdxf409x8-nodejs-22.21.1.drv",
      "description": "Event-driven I/O framework for the V8 JavaScript engine",
      "install_id": "nodejs",
      "license": "MIT",
      "locked_url": "https://github.com/flox/nixpkgs?rev=addf7cf5f383a3101ecfba091b98d0a1263dc9b8",
      "name": "nodejs-22.21.1",
      "pname": "nodejs",
      "rev": "addf7cf5f383a3101ecfba091b98d0a1263dc9b8",
      "rev_count": 908783,
      "rev_date": "2025-12-08T09:27:56Z",
      "scrape_date": "2025-12-10T03:04:31.849814Z",
      "stabilities": [
        "staging",
        "unstable"
      ],
      "unfree": false,
      "version": "22.21.1",
      "outputs_to_install": [
        "out"
      ],
      "outputs": {
        "dev": "/nix/store/1akvaqvrp0cf6pd7mkqy7m3gnzc3wfd7-nodejs-22.21.1-dev",
        "libv8": "/nix/store/ykj9hi9qv7gwxnbg2vh6ca00w9zsbhm0-nodejs-22.21.1-libv8",
        "out": "/nix/store/hps7k16bd9isj7pfsjzg7q0wgvrw47kn-nodejs-22.21.1"
      },
      "system": "aarch64-linux",
      "group": "toplevel",
      "priority": 5
    },
    {
      "attr_path": "nodejs",
      "broken": false,
      "derivation": "/nix/store/j1fpqmshmrxx52k2xqqrv5c718y6sjih-nodejs-22.21.1.drv",
      "description": "Event-driven I/O framework for the V8 JavaScript engine",
      "install_id": "nodejs",
      "license": "MIT",
      "locked_url": "https://github.com/flox/nixpkgs?rev=addf7cf5f383a3101ecfba091b98d0a1263dc9b8",
      "name": "nodejs-22.21.1",
      "pname": "nodejs",
      "rev": "addf7cf5f383a3101ecfba091b98d0a1263dc9b8",
      "rev_count": 908783,
      "rev_date": "2025-12-08T09:27:56Z",
      "scrape_date": "2025-12-10T03:14:20.707971Z",
      "stabilities": [
        "staging",
        "unstable"
      ],
      "unfree": false,
      "version": "22.21.1",
      "outputs_to_install": [
        "out"
      ],
      "outputs": {
        "dev": "/nix/store/haa4773lz7wfhnql05181azh4z5141r7-nodejs-22.21.1-dev",
        "libv8": "/nix/store/0pswqdxlx8y0v54gq0ixwps19agv6bds-nodejs-22.21.1-libv8",
        "out": "/nix/store/wfjyiwara336j7r1v0ia3kib8779wzwf-nodejs-22.21.1"
      },
      "system": "x86_64-darwin",
      "group": "toplevel",
      "priority": 5
    },
    {
      "attr_path": "nodejs",
      "broken": false,
      "derivation": "/nix/store/wjimqspfnxjp5y11703a1rz75cbvj4ph-nodejs-22.21.1.drv",
      "description": "Event-driven I/O framework for the V8 JavaScript engine",
      "install_id": "nodejs",
      "license": "MIT",
      "locked_url": "https://github.com/flox/nixpkgs?rev=addf7cf5f383a3101ecfba091b98d0a1263dc9b8",
      "name": "nodejs-22.21.1",
      "pname": "nodejs",
      "rev": "addf7cf5f383a3101ecfba091b98d0a1263dc9b8",
      "rev_count": 908783,
      "rev_date": "2025-12-08T09:27:56Z",
      "scrape_date": "2025-12-10T03:23:57.507358Z",
      "stabilities": [
        "staging",
        "unstable"
      ],
      "unfree": false,
      "version": "22.21.1",
      "outputs_to_install": [
        "out"
      ],
      "outputs": {
        "dev": "/nix/store/l1idqv7ff0m2kbcqnn1yr415wyga1wxf-nodejs-22.21.1-dev",
        "libv8": "/nix/store/farc7vk89kr367hsx0qchmahf6i6sbk1-nodejs-22.21.1-libv8",
        "out": "/nix/store/l85fis49agvp5q1ild1rfh4rrgmn92sr-nodejs-22.21.1"
      },
      "system": "x86_64-linux",
      "group": "toplevel",
      "priority": 5
    }
  ]
}